<Solution>
  <Project Path="mini PrpjectSlution/mini PrpjectSlution.csproj" Id="edda22ae-c66b-4549-b982-9e0abc51635a" />
  <Project Path="Task1Slution/Task1Slution.csproj" Id="d0503840-3786-4f51-b277-e900fe226358" />
  <Project Path="Task2Solution/Task2Solution.csproj" />
  <Project Path="Task3slove/Task3slove.csproj" Id="ab45542e-9bca-464a-b4f2-0374fe589221" />
  <Project Path="Task4Slution/Task4Slution.csproj" Id="685ea0e5-26ec-4752-9b64-528910c67085" />
  <Project Path="Task5Slution/Task5Slution.csproj" Id="57c72cf4-7baa-487e-a8e6-495d2431c4ef" />
  <Project Path="Task6Slution/Task6Slution.csproj" Id="a7cb2b89-f13d-4fb8-9430-d4a220efb4cd" />
  <Project Path="Task7OOP2/Task7OOP2.csproj" Id="149587bb-2b41-446f-947f-7a8d8cdbe20e" />
</Solution>
