<Solution>
  <Project Path="Task1Slution/Task1Slution.csproj" Id="d0503840-3786-4f51-b277-e900fe226358" />
  <Project Path="Task2Solution/Task2Solution.csproj" />
  <Project Path="Task3slove/Task3slove.csproj" Id="ab45542e-9bca-464a-b4f2-0374fe589221" />
  <Project Path="Task4Slution/Task4Slution.csproj" Id="685ea0e5-26ec-4752-9b64-528910c67085" />
</Solution>
